{
  "name": "ts-node-editor-project",
  "version": "1.0.0",
  "lockfileVersion": 2,
  "requires": true,
  "packages": {
    "": {
      "name": "ts-node-editor-project",
      "version": "1.0.0",
      "license": "ISC",
      "workspaces": [
        "packages/ts-node-editor"
      ]
    },
    "node_modules/ts-node-editor": {
      "resolved": "packages/ts-node-editor",
      "link": true
    },
    "packages/ts-node-editor": {
      "version": "1.0.0",
      "license": "ISC",
      "bin": {
        "ts-node-editor": "dist/server/server.js"
      },
      "devDependencies": {
        "@types/node": "^20.9.0",
        "typescript": "^5.2.2"
      }
    },
    "packages/ts-node-editor/node_modules/@types/node": {
      "version": "20.9.0",
      "dev": true,
      "license": "MIT",
      "dependencies": {
        "undici-types": "~5.26.4"
      }
    },
    "packages/ts-node-editor/node_modules/typescript": {
      "version": "5.2.2",
      "dev": true,
      "license": "Apache-2.0",
      "bin": {
        "tsc": "bin/tsc",
        "tsserver": "bin/tsserver"
      },
      "engines": {
        "node": ">=14.17"
      }
    },
    "packages/ts-node-editor/node_modules/undici-types": {
      "version": "5.26.5",
      "dev": true,
      "license": "MIT"
    }
  },
  "dependencies": {
    "ts-node-editor": {
      "version": "file:packages/ts-node-editor",
      "requires": {
        "@types/node": "^20.9.0",
        "typescript": "^5.2.2"
      },
      "dependencies": {
        "@types/node": {
          "version": "20.9.0",
          "dev": true,
          "requires": {
            "undici-types": "~5.26.4"
          }
        },
        "typescript": {
          "version": "5.2.2",
          "dev": true
        },
        "undici-types": {
          "version": "5.26.5",
          "dev": true
        }
      }
    }
  }
}
